hash: a069ca57753b81413d5c45ca8e70b391c24b016bc10a005762ab316be67afe93
updated: 2017-02-21T12:01:50.22550668+08:00
imports:
- name: github.com/boj/redistore
  version: fc113767cd6b051980f260d6dbe84b2740c46ab0
- name: github.com/bradfitz/gomemcache
  version: 2fafb84a66c4911e11a8f50955b01e74fe3ab9c5
  subpackages:
  - memcache
- name: github.com/dchest/captcha
  version: 9e952142169c3cd6268c6482a3a61c121536aca2
- name: github.com/dgrijalva/jwt-go
  version: 2268707a8f0843315e2004ee4f1d021dc08baedf
- name: github.com/facebookgo/grace
  version: 5729e484473f52048578af1b80d0008c7024089b
  subpackages:
  - gracehttp
- name: github.com/flosch/pongo2
  version: 22499f94d3d56c7238591344a6902715d0b8fbbf
- name: github.com/garyburd/redigo
  version: 908534c8b97586a4597e3fa195875d2d26502b97
  subpackages:
  - redis
  - internal
- name: github.com/go-sql-driver/mysql
  version: 2e00b5cd70399450106cec6431c2e2ce3cae5034
- name: github.com/gorilla/context
  version: 08b5f424b9271eedf6f9f0ce86cb9396ed337a42
- name: github.com/gorilla/securecookie
  version: fa5329f913702981df43dcb2a380bac429c810b5
- name: github.com/gorilla/sessions
  version: 83c8db3bdc9be789e57e3756ffbcffd2d7d40176
- name: github.com/hobo-go/echo-mw
  version: a3c62f25136a12c6a6f4d596ba5029fb103d49ff
  subpackages:
  - binder
  - cache
  - multitemplate
  - pongo2echo
  - session
  - staticbin
  - captcha
- name: github.com/jinzhu/gorm
  version: c730b30a7830a04a4a3d536edcb1f8c5f77d3482
- name: github.com/jinzhu/inflection
  version: 1c35d901db3da928c72a72d8458480cc9ade058f
- name: github.com/labstack/echo
  version: 70be2c2f8747c510df1f5540dc609fceb7b7b82c
  subpackages:
  - middleware
- name: github.com/labstack/gommon
  version: f72d3c883f8ea180da8f085dd320804c41332ad1
  subpackages:
  - log
  - color
  - bytes
  - random
- name: github.com/mattn/go-colorable
  version: d228849504861217f796da67fae4f6e347643f15
- name: github.com/mattn/go-isatty
  version: 30a891c33c7cde7b02a981314b4228ec99380cca
- name: github.com/robfig/go-cache
  version: 9fc39e0dbf62c034ec4e45e6120fc69433a3ec51
- name: github.com/valyala/bytebufferpool
  version: e746df99fe4a3986f4d4f79e13c1e0117ce9c2f7
- name: github.com/valyala/fasttemplate
  version: d090d65668a286d9a180d43a19dfdc5dcad8fe88
- name: golang.org/x/crypto
  version: c367d6eeb7c6158125f2f47e049f7eb7e251c09a
  subpackages:
  - ocsp
  - acme/autocert
  - acme
- name: golang.org/x/net
  version: c4c3ea71919de159c9e246d7be66deb7f0a39a58
  subpackages:
  - websocket
  - context
  - context/ctxhttp
- name: golang.org/x/sys
  version: 076b546753157f758b316e59bcb51e6807c04057
  subpackages:
  - unix
devImports: []
